
Microsoft Visual Studio Solution File, Format Version 12.00
# Visual Studio Version 17
VisualStudioVersion = 17.14.36301.6
MinimumVisualStudioVersion = 10.0.40219.1
Project("{FAE04EC0-301F-11D3-BF4B-00C04F79EFBC}") = "SafeVaultApi", "SafeVaultApi\SafeVaultApi.csproj", "{8CE1B30C-63A9-42B9-893F-9B741D5E73FF}"
EndProject
Project("{FAE04EC0-301F-11D3-BF4B-00C04F79EFBC}") = "Domain", "Domain\Domain.csproj", "{2006223A-B588-4B34-B97C-B9FA2C4044E4}"
EndProject
Project("{FAE04EC0-301F-11D3-BF4B-00C04F79EFBC}") = "Application", "Application\Application.csproj", "{AB93072A-2F9B-4C4D-921A-7C9A66C44AF1}"
EndProject
Project("{FAE04EC0-301F-11D3-BF4B-00C04F79EFBC}") = "Infrastructure", "Infrastructure\Infrastructure.csproj", "{BF457383-2B02-41AE-B654-EB06BE997BE7}"
EndProject
Project("{FAE04EC0-301F-11D3-BF4B-00C04F79EFBC}") = "SafeVaultApi.Tests", "SafeVaultApi.Tests\SafeVaultApi.Tests.csproj", "{CEECABC2-10AA-4C80-9397-03C57B46A426}"
EndProject
Global
	GlobalSection(SolutionConfigurationPlatforms) = preSolution
		Debug|Any CPU = Debug|Any CPU
		Release|Any CPU = Release|Any CPU
	EndGlobalSection
	GlobalSection(ProjectConfigurationPlatforms) = postSolution
		{8CE1B30C-63A9-42B9-893F-9B741D5E73FF}.Debug|Any CPU.ActiveCfg = Debug|Any CPU
		{8CE1B30C-63A9-42B9-893F-9B741D5E73FF}.Debug|Any CPU.Build.0 = Debug|Any CPU
		{8CE1B30C-63A9-42B9-893F-9B741D5E73FF}.Release|Any CPU.ActiveCfg = Release|Any CPU
		{8CE1B30C-63A9-42B9-893F-9B741D5E73FF}.Release|Any CPU.Build.0 = Release|Any CPU
		{2006223A-B588-4B34-B97C-B9FA2C4044E4}.Debug|Any CPU.ActiveCfg = Debug|Any CPU
		{2006223A-B588-4B34-B97C-B9FA2C4044E4}.Debug|Any CPU.Build.0 = Debug|Any CPU
		{2006223A-B588-4B34-B97C-B9FA2C4044E4}.Release|Any CPU.ActiveCfg = Release|Any CPU
		{2006223A-B588-4B34-B97C-B9FA2C4044E4}.Release|Any CPU.Build.0 = Release|Any CPU
		{AB93072A-2F9B-4C4D-921A-7C9A66C44AF1}.Debug|Any CPU.ActiveCfg = Debug|Any CPU
		{AB93072A-2F9B-4C4D-921A-7C9A66C44AF1}.Debug|Any CPU.Build.0 = Debug|Any CPU
		{AB93072A-2F9B-4C4D-921A-7C9A66C44AF1}.Release|Any CPU.ActiveCfg = Release|Any CPU
		{AB93072A-2F9B-4C4D-921A-7C9A66C44AF1}.Release|Any CPU.Build.0 = Release|Any CPU
		{BF457383-2B02-41AE-B654-EB06BE997BE7}.Debug|Any CPU.ActiveCfg = Debug|Any CPU
		{BF457383-2B02-41AE-B654-EB06BE997BE7}.Debug|Any CPU.Build.0 = Debug|Any CPU
		{BF457383-2B02-41AE-B654-EB06BE997BE7}.Release|Any CPU.ActiveCfg = Release|Any CPU
		{BF457383-2B02-41AE-B654-EB06BE997BE7}.Release|Any CPU.Build.0 = Release|Any CPU
		{CEECABC2-10AA-4C80-9397-03C57B46A426}.Debug|Any CPU.ActiveCfg = Debug|Any CPU
		{CEECABC2-10AA-4C80-9397-03C57B46A426}.Debug|Any CPU.Build.0 = Debug|Any CPU
		{CEECABC2-10AA-4C80-9397-03C57B46A426}.Release|Any CPU.ActiveCfg = Release|Any CPU
		{CEECABC2-10AA-4C80-9397-03C57B46A426}.Release|Any CPU.Build.0 = Release|Any CPU
	EndGlobalSection
	GlobalSection(SolutionProperties) = preSolution
		HideSolutionNode = FALSE
	EndGlobalSection
	GlobalSection(ExtensibilityGlobals) = postSolution
		SolutionGuid = {8B5B79AD-7E6C-4D56-8840-21874FF9D9E1}
	EndGlobalSection
EndGlobal
